
Microsoft Visual Studio Solution File, Format Version 12.00
# Visual Studio Version 17
VisualStudioVersion = 17.9.34622.214
MinimumVisualStudioVersion = 10.0.40219.1
Project("{FAE04EC0-301F-11D3-BF4B-00C04F79EFBC}") = "FWorker", "FWorker\FWorker.csproj", "{08B44EB8-C0BE-4D80-89FF-93D5BE745034}"
EndProject
Global
	GlobalSection(SolutionConfigurationPlatforms) = preSolution
		Debug|Any CPU = Debug|Any CPU
		Release|Any CPU = Release|Any CPU
	EndGlobalSection
	GlobalSection(ProjectConfigurationPlatforms) = postSolution
		{08B44EB8-C0BE-4D80-89FF-93D5BE745034}.Debug|Any CPU.ActiveCfg = Debug|Any CPU
		{08B44EB8-C0BE-4D80-89FF-93D5BE745034}.Debug|Any CPU.Build.0 = Debug|Any CPU
		{08B44EB8-C0BE-4D80-89FF-93D5BE745034}.Release|Any CPU.ActiveCfg = Release|Any CPU
		{08B44EB8-C0BE-4D80-89FF-93D5BE745034}.Release|Any CPU.Build.0 = Release|Any CPU
	EndGlobalSection
	GlobalSection(SolutionProperties) = preSolution
		HideSolutionNode = FALSE
	EndGlobalSection
	GlobalSection(ExtensibilityGlobals) = postSolution
		SolutionGuid = {7C86EF9C-D81C-48FF-8323-EF6DAB3F9DDF}
	EndGlobalSection
EndGlobal
